
Microsoft Visual Studio Solution File, Format Version 12.00
# Visual Studio Version 16
VisualStudioVersion = 16.0.30225.117
MinimumVisualStudioVersion = 10.0.40219.1
Project("{8BC9CEB8-8B4A-11D0-8D11-00A0C91BC942}") = "Nosub", "Nosub.vcxproj", "{7C0645B0-5FA0-4A3A-80BC-6762EE344E68}"
EndProject
Global
	GlobalSection(SolutionConfigurationPlatforms) = preSolution
		Debug|x64 = Debug|x64
		Release|x64 = Release|x64
	EndGlobalSection
	GlobalSection(ProjectConfigurationPlatforms) = postSolution
		{7C0645B0-5FA0-4A3A-80BC-6762EE344E68}.Debug|x64.ActiveCfg = Debug|x64
		{7C0645B0-5FA0-4A3A-80BC-6762EE344E68}.Debug|x64.Build.0 = Debug|x64
		{7C0645B0-5FA0-4A3A-80BC-6762EE344E68}.Release|x64.ActiveCfg = Release|x64
		{7C0645B0-5FA0-4A3A-80BC-6762EE344E68}.Release|x64.Build.0 = Release|x64
	EndGlobalSection
	GlobalSection(SolutionProperties) = preSolution
		HideSolutionNode = FALSE
	EndGlobalSection
	GlobalSection(ExtensibilityGlobals) = postSolution
		SolutionGuid = {08831A8A-17F0-4E10-B0C5-009F36A72499}
	EndGlobalSection
EndGlobal
